// !$*UTF8*$!
{
	archiveVersion = 1;
	classes = {
	};
	objectVersion = 46;
	objects = {

/* Begin PBXBuildFile section */
		CF1F2E13160993E900B94276 /* UIKit.framework in Frameworks */ = {isa = PBXBuildFile; fileRef = CF1F2E12160993E900B94276 /* UIKit.framework */; };
		CF1F2E15160993E900B94276 /* Foundation.framework in Frameworks */ = {isa = PBXBuildFile; fileRef = CF1F2E14160993E900B94276 /* Foundation.framework */; };
		CF1F2E17160993E900B94276 /* CoreGraphics.framework in Frameworks */ = {isa = PBXBuildFile; fileRef = CF1F2E16160993E900B94276 /* CoreGraphics.framework */; };
		CF1F2E1D160993E900B94276 /* InfoPlist.strings in Resources */ = {isa = PBXBuildFile; fileRef = CF1F2E1B160993E900B94276 /* InfoPlist.strings */; };
		CF1F2E1F160993E900B94276 /* main.m in Sources */ = {isa = PBXBuildFile; fileRef = CF1F2E1E160993E900B94276 /* main.m */; };
		CF1F2E23160993E900B94276 /* SCAAppDelegate.m in Sources */ = {isa = PBXBuildFile; fileRef = CF1F2E22160993E900B94276 /* SCAAppDelegate.m */; };
		CF1F2E26160993E900B94276 /* SCAMasterViewController.m in Sources */ = {isa = PBXBuildFile; fileRef = CF1F2E25160993E900B94276 /* SCAMasterViewController.m */; };
		CF1F2E29160993E900B94276 /* SCADetailViewController.m in Sources */ = {isa = PBXBuildFile; fileRef = CF1F2E28160993E900B94276 /* SCADetailViewController.m */; };
		CF1F2E2C160993E900B94276 /* SCAMasterViewController.xib in Resources */ = {isa = PBXBuildFile; fileRef = CF1F2E2A160993E900B94276 /* SCAMasterViewController.xib */; };
		CF1F2E2F160993E900B94276 /* SCADetailViewController.xib in Resources */ = {isa = PBXBuildFile; fileRef = CF1F2E2D160993E900B94276 /* SCADetailViewController.xib */; };
		CF909C47160EECC700B0C1EA /* NSDate+RFC1123.m in Sources */ = {isa = PBXBuildFile; fileRef = CF909C35160EECC700B0C1EA /* NSDate+RFC1123.m */; };
		CF909C48160EECC700B0C1EA /* NSData+Base64.m in Sources */ = {isa = PBXBuildFile; fileRef = CF909C37160EECC700B0C1EA /* NSData+Base64.m */; };
		CF909C49160EECC700B0C1EA /* NSDictionary+RequestEncoding.m in Sources */ = {isa = PBXBuildFile; fileRef = CF909C39160EECC700B0C1EA /* NSDictionary+RequestEncoding.m */; };
		CF909C4A160EECC700B0C1EA /* NSString+MKNetworkKitAdditions.m in Sources */ = {isa = PBXBuildFile; fileRef = CF909C3B160EECC700B0C1EA /* NSString+MKNetworkKitAdditions.m */; };
		CF909C4B160EECC700B0C1EA /* UIAlertView+MKNetworkKitAdditions.m in Sources */ = {isa = PBXBuildFile; fileRef = CF909C3D160EECC700B0C1EA /* UIAlertView+MKNetworkKitAdditions.m */; };
		CF909C4C160EECC700B0C1EA /* MKNetworkEngine.m in Sources */ = {isa = PBXBuildFile; fileRef = CF909C3F160EECC700B0C1EA /* MKNetworkEngine.m */; };
		CF909C4D160EECC700B0C1EA /* MKNetworkOperation.m in Sources */ = {isa = PBXBuildFile; fileRef = CF909C42160EECC700B0C1EA /* MKNetworkOperation.m */; };
		CF909C4E160EECC700B0C1EA /* Reachability.m in Sources */ = {isa = PBXBuildFile; fileRef = CF909C44160EECC700B0C1EA /* Reachability.m */; };
		CF909C4F160EECC700B0C1EA /* NetworkImageView.m in Sources */ = {isa = PBXBuildFile; fileRef = CF909C46160EECC700B0C1EA /* NetworkImageView.m */; };
		CF909C69160EEE5000B0C1EA /* Comment.m in Sources */ = {isa = PBXBuildFile; fileRef = CF909C5A160EEE5000B0C1EA /* Comment.m */; };
		CF909C6A160EEE5000B0C1EA /* Counts.m in Sources */ = {isa = PBXBuildFile; fileRef = CF909C5C160EEE5000B0C1EA /* Counts.m */; };
		CF909C6B160EEE5000B0C1EA /* MainThumb.m in Sources */ = {isa = PBXBuildFile; fileRef = CF909C5E160EEE5000B0C1EA /* MainThumb.m */; };
		CF909C6C160EEE5000B0C1EA /* PeopleTagged.m in Sources */ = {isa = PBXBuildFile; fileRef = CF909C60160EEE5000B0C1EA /* PeopleTagged.m */; };
		CF909C6D160EEE5000B0C1EA /* SmallThumb.m in Sources */ = {isa = PBXBuildFile; fileRef = CF909C62160EEE5000B0C1EA /* SmallThumb.m */; };
		CF909C6E160EEE5000B0C1EA /* SocialCamVideo.m in Sources */ = {isa = PBXBuildFile; fileRef = CF909C64160EEE5000B0C1EA /* SocialCamVideo.m */; };
		CF909C6F160EEE5000B0C1EA /* User.m in Sources */ = {isa = PBXBuildFile; fileRef = CF909C66160EEE5000B0C1EA /* User.m */; };
		CF909C70160EEE5000B0C1EA /* SocialCamEngine.m in Sources */ = {isa = PBXBuildFile; fileRef = CF909C68160EEE5000B0C1EA /* SocialCamEngine.m */; };
		CF909C73160F034F00B0C1EA /* SCAUtilities.m in Sources */ = {isa = PBXBuildFile; fileRef = CF909C72160F034F00B0C1EA /* SCAUtilities.m */; };
		CF909C7A160F06EB00B0C1EA /* SCAConfig.m in Sources */ = {isa = PBXBuildFile; fileRef = CF909C79160F06EB00B0C1EA /* SCAConfig.m */; };
		CF909C7E160F095400B0C1EA /* LoginViewController.m in Sources */ = {isa = PBXBuildFile; fileRef = CF909C7C160F095400B0C1EA /* LoginViewController.m */; };
		CF909C7F160F095400B0C1EA /* LoginViewController.xib in Resources */ = {isa = PBXBuildFile; fileRef = CF909C7D160F095400B0C1EA /* LoginViewController.xib */; };
		CF909C81160F0A1900B0C1EA /* CFNetwork.framework in Frameworks */ = {isa = PBXBuildFile; fileRef = CF909C80160F0A1900B0C1EA /* CFNetwork.framework */; };
		CF909C83160F0A1F00B0C1EA /* QuartzCore.framework in Frameworks */ = {isa = PBXBuildFile; fileRef = CF909C82160F0A1F00B0C1EA /* QuartzCore.framework */; };
		CF909C85160F0A2600B0C1EA /* SystemConfiguration.framework in Frameworks */ = {isa = PBXBuildFile; fileRef = CF909C84160F0A2600B0C1EA /* SystemConfiguration.framework */; };
		CF909C87160F0A4200B0C1EA /* Security.framework in Frameworks */ = {isa = PBXBuildFile; fileRef = CF909C86160F0A4200B0C1EA /* Security.framework */; };
/* End PBXBuildFile section */

/* Begin PBXFileReference section */
		CF1F2E0E160993E900B94276 /* SocialCamApi.app */ = {isa = PBXFileReference; explicitFileType = wrapper.application; includeInIndex = 0; path = SocialCamApi.app; sourceTree = BUILT_PRODUCTS_DIR; };
		CF1F2E12160993E900B94276 /* UIKit.framework */ = {isa = PBXFileReference; lastKnownFileType = wrapper.framework; name = UIKit.framework; path = System/Library/Frameworks/UIKit.framework; sourceTree = SDKROOT; };
		CF1F2E14160993E900B94276 /* Foundation.framework */ = {isa = PBXFileReference; lastKnownFileType = wrapper.framework; name = Foundation.framework; path = System/Library/Frameworks/Foundation.framework; sourceTree = SDKROOT; };
		CF1F2E16160993E900B94276 /* CoreGraphics.framework */ = {isa = PBXFileReference; lastKnownFileType = wrapper.framework; name = CoreGraphics.framework; path = System/Library/Frameworks/CoreGraphics.framework; sourceTree = SDKROOT; };
		CF1F2E1A160993E900B94276 /* SocialCamApi-Info.plist */ = {isa = PBXFileReference; lastKnownFileType = text.plist.xml; path = "SocialCamApi-Info.plist"; sourceTree = "<group>"; };
		CF1F2E1C160993E900B94276 /* en */ = {isa = PBXFileReference; lastKnownFileType = text.plist.strings; name = en; path = en.lproj/InfoPlist.strings; sourceTree = "<group>"; };
		CF1F2E1E160993E900B94276 /* main.m */ = {isa = PBXFileReference; lastKnownFileType = sourcecode.c.objc; path = main.m; sourceTree = "<group>"; };
		CF1F2E20160993E900B94276 /* SocialCamApi-Prefix.pch */ = {isa = PBXFileReference; lastKnownFileType = sourcecode.c.h; path = "SocialCamApi-Prefix.pch"; sourceTree = "<group>"; };
		CF1F2E21160993E900B94276 /* SCAAppDelegate.h */ = {isa = PBXFileReference; lastKnownFileType = sourcecode.c.h; path = SCAAppDelegate.h; sourceTree = "<group>"; };
		CF1F2E22160993E900B94276 /* SCAAppDelegate.m */ = {isa = PBXFileReference; lastKnownFileType = sourcecode.c.objc; path = SCAAppDelegate.m; sourceTree = "<group>"; };
		CF1F2E24160993E900B94276 /* SCAMasterViewController.h */ = {isa = PBXFileReference; lastKnownFileType = sourcecode.c.h; path = SCAMasterViewController.h; sourceTree = "<group>"; };
		CF1F2E25160993E900B94276 /* SCAMasterViewController.m */ = {isa = PBXFileReference; lastKnownFileType = sourcecode.c.objc; path = SCAMasterViewController.m; sourceTree = "<group>"; };
		CF1F2E27160993E900B94276 /* SCADetailViewController.h */ = {isa = PBXFileReference; lastKnownFileType = sourcecode.c.h; path = SCADetailViewController.h; sourceTree = "<group>"; };
		CF1F2E28160993E900B94276 /* SCADetailViewController.m */ = {isa = PBXFileReference; lastKnownFileType = sourcecode.c.objc; path = SCADetailViewController.m; sourceTree = "<group>"; };
		CF1F2E2B160993E900B94276 /* en */ = {isa = PBXFileReference; lastKnownFileType = file.xib; name = en; path = en.lproj/SCAMasterViewController.xib; sourceTree = "<group>"; };
		CF1F2E2E160993E900B94276 /* en */ = {isa = PBXFileReference; lastKnownFileType = file.xib; name = en; path = en.lproj/SCADetailViewController.xib; sourceTree = "<group>"; };
		CF909C34160EECC700B0C1EA /* NSDate+RFC1123.h */ = {isa = PBXFileReference; fileEncoding = 4; lastKnownFileType = sourcecode.c.h; path = "NSDate+RFC1123.h"; sourceTree = "<group>"; };
		CF909C35160EECC700B0C1EA /* NSDate+RFC1123.m */ = {isa = PBXFileReference; fileEncoding = 4; lastKnownFileType = sourcecode.c.objc; path = "NSDate+RFC1123.m"; sourceTree = "<group>"; };
		CF909C36160EECC700B0C1EA /* NSData+Base64.h */ = {isa = PBXFileReference; fileEncoding = 4; lastKnownFileType = sourcecode.c.h; path = "NSData+Base64.h"; sourceTree = "<group>"; };
		CF909C37160EECC700B0C1EA /* NSData+Base64.m */ = {isa = PBXFileReference; fileEncoding = 4; lastKnownFileType = sourcecode.c.objc; path = "NSData+Base64.m"; sourceTree = "<group>"; };
		CF909C38160EECC700B0C1EA /* NSDictionary+RequestEncoding.h */ = {isa = PBXFileReference; fileEncoding = 4; lastKnownFileType = sourcecode.c.h; path = "NSDictionary+RequestEncoding.h"; sourceTree = "<group>"; };
		CF909C39160EECC700B0C1EA /* NSDictionary+RequestEncoding.m */ = {isa = PBXFileReference; fileEncoding = 4; lastKnownFileType = sourcecode.c.objc; path = "NSDictionary+RequestEncoding.m"; sourceTree = "<group>"; };
		CF909C3A160EECC700B0C1EA /* NSString+MKNetworkKitAdditions.h */ = {isa = PBXFileReference; fileEncoding = 4; lastKnownFileType = sourcecode.c.h; path = "NSString+MKNetworkKitAdditions.h"; sourceTree = "<group>"; };
		CF909C3B160EECC700B0C1EA /* NSString+MKNetworkKitAdditions.m */ = {isa = PBXFileReference; fileEncoding = 4; lastKnownFileType = sourcecode.c.objc; path = "NSString+MKNetworkKitAdditions.m"; sourceTree = "<group>"; };
		CF909C3C160EECC700B0C1EA /* UIAlertView+MKNetworkKitAdditions.h */ = {isa = PBXFileReference; fileEncoding = 4; lastKnownFileType = sourcecode.c.h; path = "UIAlertView+MKNetworkKitAdditions.h"; sourceTree = "<group>"; };
		CF909C3D160EECC700B0C1EA /* UIAlertView+MKNetworkKitAdditions.m */ = {isa = PBXFileReference; fileEncoding = 4; lastKnownFileType = sourcecode.c.objc; path = "UIAlertView+MKNetworkKitAdditions.m"; sourceTree = "<group>"; };
		CF909C3E160EECC700B0C1EA /* MKNetworkEngine.h */ = {isa = PBXFileReference; fileEncoding = 4; lastKnownFileType = sourcecode.c.h; path = MKNetworkEngine.h; sourceTree = "<group>"; };
		CF909C3F160EECC700B0C1EA /* MKNetworkEngine.m */ = {isa = PBXFileReference; fileEncoding = 4; lastKnownFileType = sourcecode.c.objc; path = MKNetworkEngine.m; sourceTree = "<group>"; };
		CF909C40160EECC700B0C1EA /* MKNetworkKit.h */ = {isa = PBXFileReference; fileEncoding = 4; lastKnownFileType = sourcecode.c.h; path = MKNetworkKit.h; sourceTree = "<group>"; };
		CF909C41160EECC700B0C1EA /* MKNetworkOperation.h */ = {isa = PBXFileReference; fileEncoding = 4; lastKnownFileType = sourcecode.c.h; path = MKNetworkOperation.h; sourceTree = "<group>"; };
		CF909C42160EECC700B0C1EA /* MKNetworkOperation.m */ = {isa = PBXFileReference; fileEncoding = 4; lastKnownFileType = sourcecode.c.objc; path = MKNetworkOperation.m; sourceTree = "<group>"; };
		CF909C43160EECC700B0C1EA /* Reachability.h */ = {isa = PBXFileReference; fileEncoding = 4; lastKnownFileType = sourcecode.c.h; path = Reachability.h; sourceTree = "<group>"; };
		CF909C44160EECC700B0C1EA /* Reachability.m */ = {isa = PBXFileReference; fileEncoding = 4; lastKnownFileType = sourcecode.c.objc; path = Reachability.m; sourceTree = "<group>"; };
		CF909C45160EECC700B0C1EA /* NetworkImageView.h */ = {isa = PBXFileReference; fileEncoding = 4; lastKnownFileType = sourcecode.c.h; path = NetworkImageView.h; sourceTree = "<group>"; };
		CF909C46160EECC700B0C1EA /* NetworkImageView.m */ = {isa = PBXFileReference; fileEncoding = 4; lastKnownFileType = sourcecode.c.objc; path = NetworkImageView.m; sourceTree = "<group>"; };
		CF909C59160EEE5000B0C1EA /* Comment.h */ = {isa = PBXFileReference; fileEncoding = 4; lastKnownFileType = sourcecode.c.h; path = Comment.h; sourceTree = "<group>"; };
		CF909C5A160EEE5000B0C1EA /* Comment.m */ = {isa = PBXFileReference; fileEncoding = 4; lastKnownFileType = sourcecode.c.objc; path = Comment.m; sourceTree = "<group>"; };
		CF909C5B160EEE5000B0C1EA /* Counts.h */ = {isa = PBXFileReference; fileEncoding = 4; lastKnownFileType = sourcecode.c.h; path = Counts.h; sourceTree = "<group>"; };
		CF909C5C160EEE5000B0C1EA /* Counts.m */ = {isa = PBXFileReference; fileEncoding = 4; lastKnownFileType = sourcecode.c.objc; path = Counts.m; sourceTree = "<group>"; };
		CF909C5D160EEE5000B0C1EA /* MainThumb.h */ = {isa = PBXFileReference; fileEncoding = 4; lastKnownFileType = sourcecode.c.h; path = MainThumb.h; sourceTree = "<group>"; };
		CF909C5E160EEE5000B0C1EA /* MainThumb.m */ = {isa = PBXFileReference; fileEncoding = 4; lastKnownFileType = sourcecode.c.objc; path = MainThumb.m; sourceTree = "<group>"; };
		CF909C5F160EEE5000B0C1EA /* PeopleTagged.h */ = {isa = PBXFileReference; fileEncoding = 4; lastKnownFileType = sourcecode.c.h; path = PeopleTagged.h; sourceTree = "<group>"; };
		CF909C60160EEE5000B0C1EA /* PeopleTagged.m */ = {isa = PBXFileReference; fileEncoding = 4; lastKnownFileType = sourcecode.c.objc; path = PeopleTagged.m; sourceTree = "<group>"; };
		CF909C61160EEE5000B0C1EA /* SmallThumb.h */ = {isa = PBXFileReference; fileEncoding = 4; lastKnownFileType = sourcecode.c.h; path = SmallThumb.h; sourceTree = "<group>"; };
		CF909C62160EEE5000B0C1EA /* SmallThumb.m */ = {isa = PBXFileReference; fileEncoding = 4; lastKnownFileType = sourcecode.c.objc; path = SmallThumb.m; sourceTree = "<group>"; };
		CF909C63160EEE5000B0C1EA /* SocialCamVideo.h */ = {isa = PBXFileReference; fileEncoding = 4; lastKnownFileType = sourcecode.c.h; path = SocialCamVideo.h; sourceTree = "<group>"; };
		CF909C64160EEE5000B0C1EA /* SocialCamVideo.m */ = {isa = PBXFileReference; fileEncoding = 4; lastKnownFileType = sourcecode.c.objc; path = SocialCamVideo.m; sourceTree = "<group>"; };
		CF909C65160EEE5000B0C1EA /* User.h */ = {isa = PBXFileReference; fileEncoding = 4; lastKnownFileType = sourcecode.c.h; path = User.h; sourceTree = "<group>"; };
		CF909C66160EEE5000B0C1EA /* User.m */ = {isa = PBXFileReference; fileEncoding = 4; lastKnownFileType = sourcecode.c.objc; path = User.m; sourceTree = "<group>"; };
		CF909C67160EEE5000B0C1EA /* SocialCamEngine.h */ = {isa = PBXFileReference; fileEncoding = 4; lastKnownFileType = sourcecode.c.h; path = SocialCamEngine.h; sourceTree = "<group>"; };
		CF909C68160EEE5000B0C1EA /* SocialCamEngine.m */ = {isa = PBXFileReference; fileEncoding = 4; lastKnownFileType = sourcecode.c.objc; path = SocialCamEngine.m; sourceTree = "<group>"; };
		CF909C71160F034F00B0C1EA /* SCAUtilities.h */ = {isa = PBXFileReference; fileEncoding = 4; lastKnownFileType = sourcecode.c.h; path = SCAUtilities.h; sourceTree = "<group>"; };
		CF909C72160F034F00B0C1EA /* SCAUtilities.m */ = {isa = PBXFileReference; fileEncoding = 4; lastKnownFileType = sourcecode.c.objc; path = SCAUtilities.m; sourceTree = "<group>"; };
		CF909C78160F06EB00B0C1EA /* SCAConfig.h */ = {isa = PBXFileReference; fileEncoding = 4; lastKnownFileType = sourcecode.c.h; path = SCAConfig.h; sourceTree = "<group>"; };
		CF909C79160F06EB00B0C1EA /* SCAConfig.m */ = {isa = PBXFileReference; fileEncoding = 4; lastKnownFileType = sourcecode.c.objc; path = SCAConfig.m; sourceTree = "<group>"; };
		CF909C7B160F095400B0C1EA /* LoginViewController.h */ = {isa = PBXFileReference; fileEncoding = 4; lastKnownFileType = sourcecode.c.h; path = LoginViewController.h; sourceTree = "<group>"; };
		CF909C7C160F095400B0C1EA /* LoginViewController.m */ = {isa = PBXFileReference; fileEncoding = 4; lastKnownFileType = sourcecode.c.objc; path = LoginViewController.m; sourceTree = "<group>"; };
		CF909C7D160F095400B0C1EA /* LoginViewController.xib */ = {isa = PBXFileReference; fileEncoding = 4; lastKnownFileType = file.xib; path = LoginViewController.xib; sourceTree = "<group>"; };
		CF909C80160F0A1900B0C1EA /* CFNetwork.framework */ = {isa = PBXFileReference; lastKnownFileType = wrapper.framework; name = CFNetwork.framework; path = System/Library/Frameworks/CFNetwork.framework; sourceTree = SDKROOT; };
		CF909C82160F0A1F00B0C1EA /* QuartzCore.framework */ = {isa = PBXFileReference; lastKnownFileType = wrapper.framework; name = QuartzCore.framework; path = System/Library/Frameworks/QuartzCore.framework; sourceTree = SDKROOT; };
		CF909C84160F0A2600B0C1EA /* SystemConfiguration.framework */ = {isa = PBXFileReference; lastKnownFileType = wrapper.framework; name = SystemConfiguration.framework; path = System/Library/Frameworks/SystemConfiguration.framework; sourceTree = SDKROOT; };
		CF909C86160F0A4200B0C1EA /* Security.framework */ = {isa = PBXFileReference; lastKnownFileType = wrapper.framework; name = Security.framework; path = System/Library/Frameworks/Security.framework; sourceTree = SDKROOT; };
/* End PBXFileReference section */

/* Begin PBXFrameworksBuildPhase section */
		CF1F2E0B160993E900B94276 /* Frameworks */ = {
			isa = PBXFrameworksBuildPhase;
			buildActionMask = 2147483647;
			files = (
				CF909C87160F0A4200B0C1EA /* Security.framework in Frameworks */,
				CF909C85160F0A2600B0C1EA /* SystemConfiguration.framework in Frameworks */,
				CF909C83160F0A1F00B0C1EA /* QuartzCore.framework in Frameworks */,
				CF909C81160F0A1900B0C1EA /* CFNetwork.framework in Frameworks */,
				CF1F2E13160993E900B94276 /* UIKit.framework in Frameworks */,
				CF1F2E15160993E900B94276 /* Foundation.framework in Frameworks */,
				CF1F2E17160993E900B94276 /* CoreGraphics.framework in Frameworks */,
			);
			runOnlyForDeploymentPostprocessing = 0;
		};
/* End PBXFrameworksBuildPhase section */

/* Begin PBXGroup section */
		CF1F2E03160993E900B94276 = {
			isa = PBXGroup;
			children = (
				CF909C86160F0A4200B0C1EA /* Security.framework */,
				CF909C84160F0A2600B0C1EA /* SystemConfiguration.framework */,
				CF909C82160F0A1F00B0C1EA /* QuartzCore.framework */,
				CF909C80160F0A1900B0C1EA /* CFNetwork.framework */,
				CF1F2E18160993E900B94276 /* SocialCamApi */,
				CF1F2E11160993E900B94276 /* Frameworks */,
				CF1F2E0F160993E900B94276 /* Products */,
			);
			sourceTree = "<group>";
		};
		CF1F2E0F160993E900B94276 /* Products */ = {
			isa = PBXGroup;
			children = (
				CF1F2E0E160993E900B94276 /* SocialCamApi.app */,
			);
			name = Products;
			sourceTree = "<group>";
		};
		CF1F2E11160993E900B94276 /* Frameworks */ = {
			isa = PBXGroup;
			children = (
				CF1F2E12160993E900B94276 /* UIKit.framework */,
				CF1F2E14160993E900B94276 /* Foundation.framework */,
				CF1F2E16160993E900B94276 /* CoreGraphics.framework */,
			);
			name = Frameworks;
			sourceTree = "<group>";
		};
		CF1F2E18160993E900B94276 /* SocialCamApi */ = {
			isa = PBXGroup;
			children = (
				CF909C54160EED2E00B0C1EA /* SocialCam */,
				CF909C2E160EEC6500B0C1EA /* MKNetworkKit */,
				CF1F2E21160993E900B94276 /* SCAAppDelegate.h */,
				CF1F2E22160993E900B94276 /* SCAAppDelegate.m */,
				CF1F2E24160993E900B94276 /* SCAMasterViewController.h */,
				CF1F2E25160993E900B94276 /* SCAMasterViewController.m */,
				CF1F2E27160993E900B94276 /* SCADetailViewController.h */,
				CF1F2E28160993E900B94276 /* SCADetailViewController.m */,
				CF1F2E2A160993E900B94276 /* SCAMasterViewController.xib */,
				CF1F2E2D160993E900B94276 /* SCADetailViewController.xib */,
				CF1F2E19160993E900B94276 /* Supporting Files */,
			);
			path = SocialCamApi;
			sourceTree = "<group>";
		};
		CF1F2E19160993E900B94276 /* Supporting Files */ = {
			isa = PBXGroup;
			children = (
				CF1F2E1A160993E900B94276 /* SocialCamApi-Info.plist */,
				CF1F2E1B160993E900B94276 /* InfoPlist.strings */,
				CF1F2E1E160993E900B94276 /* main.m */,
				CF1F2E20160993E900B94276 /* SocialCamApi-Prefix.pch */,
			);
			name = "Supporting Files";
			sourceTree = "<group>";
		};
		CF909C2E160EEC6500B0C1EA /* MKNetworkKit */ = {
			isa = PBXGroup;
			children = (
				CF909C34160EECC700B0C1EA /* NSDate+RFC1123.h */,
				CF909C35160EECC700B0C1EA /* NSDate+RFC1123.m */,
				CF909C36160EECC700B0C1EA /* NSData+Base64.h */,
				CF909C37160EECC700B0C1EA /* NSData+Base64.m */,
				CF909C38160EECC700B0C1EA /* NSDictionary+RequestEncoding.h */,
				CF909C39160EECC700B0C1EA /* NSDictionary+RequestEncoding.m */,
				CF909C3A160EECC700B0C1EA /* NSString+MKNetworkKitAdditions.h */,
				CF909C3B160EECC700B0C1EA /* NSString+MKNetworkKitAdditions.m */,
				CF909C3C160EECC700B0C1EA /* UIAlertView+MKNetworkKitAdditions.h */,
				CF909C3D160EECC700B0C1EA /* UIAlertView+MKNetworkKitAdditions.m */,
				CF909C3E160EECC700B0C1EA /* MKNetworkEngine.h */,
				CF909C3F160EECC700B0C1EA /* MKNetworkEngine.m */,
				CF909C40160EECC700B0C1EA /* MKNetworkKit.h */,
				CF909C41160EECC700B0C1EA /* MKNetworkOperation.h */,
				CF909C42160EECC700B0C1EA /* MKNetworkOperation.m */,
				CF909C43160EECC700B0C1EA /* Reachability.h */,
				CF909C44160EECC700B0C1EA /* Reachability.m */,
				CF909C45160EECC700B0C1EA /* NetworkImageView.h */,
				CF909C46160EECC700B0C1EA /* NetworkImageView.m */,
			);
			name = MKNetworkKit;
			sourceTree = "<group>";
		};
		CF909C54160EED2E00B0C1EA /* SocialCam */ = {
			isa = PBXGroup;
			children = (
				CF909C7B160F095400B0C1EA /* LoginViewController.h */,
				CF909C7C160F095400B0C1EA /* LoginViewController.m */,
				CF909C7D160F095400B0C1EA /* LoginViewController.xib */,
				CF909C59160EEE5000B0C1EA /* Comment.h */,
				CF909C5A160EEE5000B0C1EA /* Comment.m */,
				CF909C5B160EEE5000B0C1EA /* Counts.h */,
				CF909C5C160EEE5000B0C1EA /* Counts.m */,
				CF909C5D160EEE5000B0C1EA /* MainThumb.h */,
				CF909C5E160EEE5000B0C1EA /* MainThumb.m */,
				CF909C5F160EEE5000B0C1EA /* PeopleTagged.h */,
				CF909C60160EEE5000B0C1EA /* PeopleTagged.m */,
				CF909C61160EEE5000B0C1EA /* SmallThumb.h */,
				CF909C62160EEE5000B0C1EA /* SmallThumb.m */,
				CF909C63160EEE5000B0C1EA /* SocialCamVideo.h */,
				CF909C64160EEE5000B0C1EA /* SocialCamVideo.m */,
				CF909C65160EEE5000B0C1EA /* User.h */,
				CF909C66160EEE5000B0C1EA /* User.m */,
				CF909C67160EEE5000B0C1EA /* SocialCamEngine.h */,
				CF909C68160EEE5000B0C1EA /* SocialCamEngine.m */,
				CF909C71160F034F00B0C1EA /* SCAUtilities.h */,
				CF909C72160F034F00B0C1EA /* SCAUtilities.m */,
				CF909C78160F06EB00B0C1EA /* SCAConfig.h */,
				CF909C79160F06EB00B0C1EA /* SCAConfig.m */,
			);
			name = SocialCam;
			sourceTree = "<group>";
		};
/* End PBXGroup section */

/* Begin PBXNativeTarget section */
		CF1F2E0D160993E900B94276 /* SocialCamApi */ = {
			isa = PBXNativeTarget;
			buildConfigurationList = CF1F2E32160993E900B94276 /* Build configuration list for PBXNativeTarget "SocialCamApi" */;
			buildPhases = (
				CF1F2E0A160993E900B94276 /* Sources */,
				CF1F2E0B160993E900B94276 /* Frameworks */,
				CF1F2E0C160993E900B94276 /* Resources */,
			);
			buildRules = (
			);
			dependencies = (
			);
			name = SocialCamApi;
			productName = SocialCamApi;
			productReference = CF1F2E0E160993E900B94276 /* SocialCamApi.app */;
			productType = "com.apple.product-type.application";
		};
/* End PBXNativeTarget section */

/* Begin PBXProject section */
		CF1F2E05160993E900B94276 /* Project object */ = {
			isa = PBXProject;
			attributes = {
				CLASSPREFIX = SCA;
				LastUpgradeCheck = 0440;
				ORGANIZATIONNAME = "Sukeerthi LLC Ltd.";
			};
			buildConfigurationList = CF1F2E08160993E900B94276 /* Build configuration list for PBXProject "SocialCamApi" */;
			compatibilityVersion = "Xcode 3.2";
			developmentRegion = English;
			hasScannedForEncodings = 0;
			knownRegions = (
				en,
			);
			mainGroup = CF1F2E03160993E900B94276;
			productRefGroup = CF1F2E0F160993E900B94276 /* Products */;
			projectDirPath = "";
			projectRoot = "";
			targets = (
				CF1F2E0D160993E900B94276 /* SocialCamApi */,
			);
		};
/* End PBXProject section */

/* Begin PBXResourcesBuildPhase section */
		CF1F2E0C160993E900B94276 /* Resources */ = {
			isa = PBXResourcesBuildPhase;
			buildActionMask = 2147483647;
			files = (
				CF1F2E1D160993E900B94276 /* InfoPlist.strings in Resources */,
				CF1F2E2C160993E900B94276 /* SCAMasterViewController.xib in Resources */,
				CF1F2E2F160993E900B94276 /* SCADetailViewController.xib in Resources */,
				CF909C7F160F095400B0C1EA /* LoginViewController.xib in Resources */,
			);
			runOnlyForDeploymentPostprocessing = 0;
		};
/* End PBXResourcesBuildPhase section */

/* Begin PBXSourcesBuildPhase section */
		CF1F2E0A160993E900B94276 /* Sources */ = {
			isa = PBXSourcesBuildPhase;
			buildActionMask = 2147483647;
			files = (
				CF1F2E1F160993E900B94276 /* main.m in Sources */,
				CF1F2E23160993E900B94276 /* SCAAppDelegate.m in Sources */,
				CF1F2E26160993E900B94276 /* SCAMasterViewController.m in Sources */,
				CF1F2E29160993E900B94276 /* SCADetailViewController.m in Sources */,
				CF909C47160EECC700B0C1EA /* NSDate+RFC1123.m in Sources */,
				CF909C48160EECC700B0C1EA /* NSData+Base64.m in Sources */,
				CF909C49160EECC700B0C1EA /* NSDictionary+RequestEncoding.m in Sources */,
				CF909C4A160EECC700B0C1EA /* NSString+MKNetworkKitAdditions.m in Sources */,
				CF909C4B160EECC700B0C1EA /* UIAlertView+MKNetworkKitAdditions.m in Sources */,
				CF909C4C160EECC700B0C1EA /* MKNetworkEngine.m in Sources */,
				CF909C4D160EECC700B0C1EA /* MKNetworkOperation.m in Sources */,
				CF909C4E160EECC700B0C1EA /* Reachability.m in Sources */,
				CF909C4F160EECC700B0C1EA /* NetworkImageView.m in Sources */,
				CF909C69160EEE5000B0C1EA /* Comment.m in Sources */,
				CF909C6A160EEE5000B0C1EA /* Counts.m in Sources */,
				CF909C6B160EEE5000B0C1EA /* MainThumb.m in Sources */,
				CF909C6C160EEE5000B0C1EA /* PeopleTagged.m in Sources */,
				CF909C6D160EEE5000B0C1EA /* SmallThumb.m in Sources */,
				CF909C6E160EEE5000B0C1EA /* SocialCamVideo.m in Sources */,
				CF909C6F160EEE5000B0C1EA /* User.m in Sources */,
				CF909C70160EEE5000B0C1EA /* SocialCamEngine.m in Sources */,
				CF909C73160F034F00B0C1EA /* SCAUtilities.m in Sources */,
				CF909C7A160F06EB00B0C1EA /* SCAConfig.m in Sources */,
				CF909C7E160F095400B0C1EA /* LoginViewController.m in Sources */,
			);
			runOnlyForDeploymentPostprocessing = 0;
		};
/* End PBXSourcesBuildPhase section */

/* Begin PBXVariantGroup section */
		CF1F2E1B160993E900B94276 /* InfoPlist.strings */ = {
			isa = PBXVariantGroup;
			children = (
				CF1F2E1C160993E900B94276 /* en */,
			);
			name = InfoPlist.strings;
			sourceTree = "<group>";
		};
		CF1F2E2A160993E900B94276 /* SCAMasterViewController.xib */ = {
			isa = PBXVariantGroup;
			children = (
				CF1F2E2B160993E900B94276 /* en */,
			);
			name = SCAMasterViewController.xib;
			sourceTree = "<group>";
		};
		CF1F2E2D160993E900B94276 /* SCADetailViewController.xib */ = {
			isa = PBXVariantGroup;
			children = (
				CF1F2E2E160993E900B94276 /* en */,
			);
			name = SCADetailViewController.xib;
			sourceTree = "<group>";
		};
/* End PBXVariantGroup section */

/* Begin XCBuildConfiguration section */
		CF1F2E30160993E900B94276 /* Debug */ = {
			isa = XCBuildConfiguration;
			buildSettings = {
				ALWAYS_SEARCH_USER_PATHS = NO;
				ARCHS = "$(ARCHS_STANDARD_32_BIT)";
				CLANG_CXX_LANGUAGE_STANDARD = "gnu++0x";
				CLANG_ENABLE_OBJC_ARC = YES;
				CLANG_WARN__DUPLICATE_METHOD_MATCH = YES;
				"CODE_SIGN_IDENTITY[sdk=iphoneos*]" = "iPhone Developer";
				COPY_PHASE_STRIP = NO;
				GCC_C_LANGUAGE_STANDARD = gnu99;
				GCC_DYNAMIC_NO_PIC = NO;
				GCC_OPTIMIZATION_LEVEL = 0;
				GCC_PREPROCESSOR_DEFINITIONS = (
					"DEBUG=1",
					"$(inherited)",
				);
				GCC_SYMBOLS_PRIVATE_EXTERN = NO;
				GCC_VERSION = com.apple.compilers.llvm.clang.1_0;
				GCC_WARN_ABOUT_RETURN_TYPE = YES;
				GCC_WARN_UNINITIALIZED_AUTOS = YES;
				GCC_WARN_UNUSED_VARIABLE = YES;
				IPHONEOS_DEPLOYMENT_TARGET = 5.1;
				SDKROOT = iphoneos;
				TARGETED_DEVICE_FAMILY = 2;
			};
			name = Debug;
		};
		CF1F2E31160993E900B94276 /* Release */ = {
			isa = XCBuildConfiguration;
			buildSettings = {
				ALWAYS_SEARCH_USER_PATHS = NO;
				ARCHS = "$(ARCHS_STANDARD_32_BIT)";
				CLANG_CXX_LANGUAGE_STANDARD = "gnu++0x";
				CLANG_ENABLE_OBJC_ARC = YES;
				CLANG_WARN__DUPLICATE_METHOD_MATCH = YES;
				"CODE_SIGN_IDENTITY[sdk=iphoneos*]" = "iPhone Developer";
				COPY_PHASE_STRIP = YES;
				GCC_C_LANGUAGE_STANDARD = gnu99;
				GCC_VERSION = com.apple.compilers.llvm.clang.1_0;
				GCC_WARN_ABOUT_RETURN_TYPE = YES;
				GCC_WARN_UNINITIALIZED_AUTOS = YES;
				GCC_WARN_UNUSED_VARIABLE = YES;
				IPHONEOS_DEPLOYMENT_TARGET = 5.1;
				OTHER_CFLAGS = "-DNS_BLOCK_ASSERTIONS=1";
				SDKROOT = iphoneos;
				TARGETED_DEVICE_FAMILY = 2;
				VALIDATE_PRODUCT = YES;
			};
			name = Release;
		};
		CF1F2E33160993E900B94276 /* Debug */ = {
			isa = XCBuildConfiguration;
			buildSettings = {
				GCC_PRECOMPILE_PREFIX_HEADER = YES;
				GCC_PREFIX_HEADER = "SocialCamApi/SocialCamApi-Prefix.pch";
				INFOPLIST_FILE = "SocialCamApi/SocialCamApi-Info.plist";
				PRODUCT_NAME = "$(TARGET_NAME)";
				WRAPPER_EXTENSION = app;
			};
			name = Debug;
		};
		CF1F2E34160993E900B94276 /* Release */ = {
			isa = XCBuildConfiguration;
			buildSettings = {
				GCC_PRECOMPILE_PREFIX_HEADER = YES;
				GCC_PREFIX_HEADER = "SocialCamApi/SocialCamApi-Prefix.pch";
				INFOPLIST_FILE = "SocialCamApi/SocialCamApi-Info.plist";
				PRODUCT_NAME = "$(TARGET_NAME)";
				WRAPPER_EXTENSION = app;
			};
			name = Release;
		};
/* End XCBuildConfiguration section */

/* Begin XCConfigurationList section */
		CF1F2E08160993E900B94276 /* Build configuration list for PBXProject "SocialCamApi" */ = {
			isa = XCConfigurationList;
			buildConfigurations = (
				CF1F2E30160993E900B94276 /* Debug */,
				CF1F2E31160993E900B94276 /* Release */,
			);
			defaultConfigurationIsVisible = 0;
			defaultConfigurationName = Release;
		};
		CF1F2E32160993E900B94276 /* Build configuration list for PBXNativeTarget "SocialCamApi" */ = {
			isa = XCConfigurationList;
			buildConfigurations = (
				CF1F2E33160993E900B94276 /* Debug */,
				CF1F2E34160993E900B94276 /* Release */,
			);
			defaultConfigurationIsVisible = 0;
			defaultConfigurationName = Release;
		};
/* End XCConfigurationList section */
	};
	rootObject = CF1F2E05160993E900B94276 /* Project object */;
}
